
Microsoft Visual Studio Solution File, Format Version 11.00
# Visual Studio 2010
Project("{FAE04EC0-301F-11D3-BF4B-00C04F79EFBC}") = "HypermediaTools", "src\HypermediaTools\HypermediaTools.csproj", "{DAA5E78E-153F-46F7-8C47-1EFD50F9A635}"
EndProject
Project("{2150E333-8FDC-42A3-9474-1A3956D46DE8}") = "Samples", "Samples", "{B3BB1006-4247-43A2-A977-9D1C008111D4}"
EndProject
Project("{2150E333-8FDC-42A3-9474-1A3956D46DE8}") = "Tests", "Tests", "{E66D0789-D15E-486D-8BD2-9A1EA311010E}"
EndProject
Project("{FAE04EC0-301F-11D3-BF4B-00C04F79EFBC}") = "UnitTests", "src\UnitTests\UnitTests.csproj", "{25153139-DD4B-4495-BC30-C23D87392F69}"
EndProject
Project("{FAE04EC0-301F-11D3-BF4B-00C04F79EFBC}") = "contax", "src\samples\contax\contax.csproj", "{28F6183A-E6C7-4A03-8D48-C0164498FC47}"
EndProject
Global
	GlobalSection(SolutionConfigurationPlatforms) = preSolution
		Debug|Any CPU = Debug|Any CPU
		Release|Any CPU = Release|Any CPU
	EndGlobalSection
	GlobalSection(ProjectConfigurationPlatforms) = postSolution
		{DAA5E78E-153F-46F7-8C47-1EFD50F9A635}.Debug|Any CPU.ActiveCfg = Debug|Any CPU
		{DAA5E78E-153F-46F7-8C47-1EFD50F9A635}.Debug|Any CPU.Build.0 = Debug|Any CPU
		{DAA5E78E-153F-46F7-8C47-1EFD50F9A635}.Release|Any CPU.ActiveCfg = Release|Any CPU
		{DAA5E78E-153F-46F7-8C47-1EFD50F9A635}.Release|Any CPU.Build.0 = Release|Any CPU
		{25153139-DD4B-4495-BC30-C23D87392F69}.Debug|Any CPU.ActiveCfg = Debug|Any CPU
		{25153139-DD4B-4495-BC30-C23D87392F69}.Debug|Any CPU.Build.0 = Debug|Any CPU
		{25153139-DD4B-4495-BC30-C23D87392F69}.Release|Any CPU.ActiveCfg = Release|Any CPU
		{25153139-DD4B-4495-BC30-C23D87392F69}.Release|Any CPU.Build.0 = Release|Any CPU
		{28F6183A-E6C7-4A03-8D48-C0164498FC47}.Debug|Any CPU.ActiveCfg = Debug|Any CPU
		{28F6183A-E6C7-4A03-8D48-C0164498FC47}.Debug|Any CPU.Build.0 = Debug|Any CPU
		{28F6183A-E6C7-4A03-8D48-C0164498FC47}.Release|Any CPU.ActiveCfg = Release|Any CPU
		{28F6183A-E6C7-4A03-8D48-C0164498FC47}.Release|Any CPU.Build.0 = Release|Any CPU
	EndGlobalSection
	GlobalSection(SolutionProperties) = preSolution
		HideSolutionNode = FALSE
	EndGlobalSection
	GlobalSection(NestedProjects) = preSolution
		{28F6183A-E6C7-4A03-8D48-C0164498FC47} = {B3BB1006-4247-43A2-A977-9D1C008111D4}
		{25153139-DD4B-4495-BC30-C23D87392F69} = {E66D0789-D15E-486D-8BD2-9A1EA311010E}
	EndGlobalSection
EndGlobal
